
Microsoft Visual Studio Solution File, Format Version 12.00
# Visual Studio 15
VisualStudioVersion = 15.0.27428.2027
MinimumVisualStudioVersion = 10.0.40219.1
Project("{FAE04EC0-301F-11D3-BF4B-00C04F79EFBC}") = "DragoASPNet", "DragoASPNet\DragoASPNet.csproj", "{A43CB285-5840-45CF-8CC6-8CC28A7ED8DB}"
EndProject
Project("{FAE04EC0-301F-11D3-BF4B-00C04F79EFBC}") = "DragoASPNet.Tests", "DragoASPNet.Tests\DragoASPNet.Tests.csproj", "{62CA90DD-4393-47AE-9B85-219ADD0F4528}"
EndProject
Global
	GlobalSection(SolutionConfigurationPlatforms) = preSolution
		Debug|Any CPU = Debug|Any CPU
		Release|Any CPU = Release|Any CPU
	EndGlobalSection
	GlobalSection(ProjectConfigurationPlatforms) = postSolution
		{A43CB285-5840-45CF-8CC6-8CC28A7ED8DB}.Debug|Any CPU.ActiveCfg = Debug|Any CPU
		{A43CB285-5840-45CF-8CC6-8CC28A7ED8DB}.Debug|Any CPU.Build.0 = Debug|Any CPU
		{A43CB285-5840-45CF-8CC6-8CC28A7ED8DB}.Release|Any CPU.ActiveCfg = Release|Any CPU
		{A43CB285-5840-45CF-8CC6-8CC28A7ED8DB}.Release|Any CPU.Build.0 = Release|Any CPU
		{62CA90DD-4393-47AE-9B85-219ADD0F4528}.Debug|Any CPU.ActiveCfg = Debug|Any CPU
		{62CA90DD-4393-47AE-9B85-219ADD0F4528}.Debug|Any CPU.Build.0 = Debug|Any CPU
		{62CA90DD-4393-47AE-9B85-219ADD0F4528}.Release|Any CPU.ActiveCfg = Release|Any CPU
		{62CA90DD-4393-47AE-9B85-219ADD0F4528}.Release|Any CPU.Build.0 = Release|Any CPU
	EndGlobalSection
	GlobalSection(SolutionProperties) = preSolution
		HideSolutionNode = FALSE
	EndGlobalSection
	GlobalSection(ExtensibilityGlobals) = postSolution
		SolutionGuid = {7033CD3D-9784-4129-A87E-E9A2236594B0}
	EndGlobalSection
EndGlobal
